
Microsoft Visual Studio Solution File, Format Version 12.00
# Visual Studio Version 17
VisualStudioVersion = 17.3.32819.101
MinimumVisualStudioVersion = 10.0.40219.1
Project("{FAE04EC0-301F-11D3-BF4B-00C04F79EFBC}") = "RedisDemo", "RedisDemo\RedisDemo.csproj", "{41727C1D-6B88-4857-9B25-D151852C297D}"
EndProject
Global
	GlobalSection(SolutionConfigurationPlatforms) = preSolution
		Debug|Any CPU = Debug|Any CPU
		Release|Any CPU = Release|Any CPU
	EndGlobalSection
	GlobalSection(ProjectConfigurationPlatforms) = postSolution
		{41727C1D-6B88-4857-9B25-D151852C297D}.Debug|Any CPU.ActiveCfg = Debug|Any CPU
		{41727C1D-6B88-4857-9B25-D151852C297D}.Debug|Any CPU.Build.0 = Debug|Any CPU
		{41727C1D-6B88-4857-9B25-D151852C297D}.Release|Any CPU.ActiveCfg = Release|Any CPU
		{41727C1D-6B88-4857-9B25-D151852C297D}.Release|Any CPU.Build.0 = Release|Any CPU
	EndGlobalSection
	GlobalSection(SolutionProperties) = preSolution
		HideSolutionNode = FALSE
	EndGlobalSection
	GlobalSection(ExtensibilityGlobals) = postSolution
		SolutionGuid = {48B4B0A8-0C16-4118-9BE3-1CB23091155C}
	EndGlobalSection
EndGlobal
